{
  "object": {
    "pins": [
      {
        "package": "AppAuth",
        "repositoryURL": "https://github.com/openid/AppAuth-iOS.git",
        "state": {
          "branch": null,
          "revision": "3d36a58a2b736f7bc499453e996a704929b25080",
          "version": "1.6.0"
        }
      },
      {
        "package": "Factory",
        "repositoryURL": "https://github.com/hmlongco/Factory",
        "state": {
          "branch": null,
          "revision": "39ff6a675cd0272d833d184d35add0f8fddd63de",
          "version": "1.3.7"
        }
      },
      {
        "package": "Get",
        "repositoryURL": "https://github.com/rownd/Get",
        "state": {
          "branch": null,
          "revision": "74dba201ebe42e9c15c1db6ee1cc893025bbef94",
          "version": "2.2.0"
        }
      },
      {
        "package": "GoogleSignIn",
        "repositoryURL": "https://github.com/google/GoogleSignIn-iOS.git",
        "state": {
          "branch": null,
          "revision": "7932d33686c1dc4d7df7a919aae47361d1cdfda4",
          "version": "7.0.0"
        }
      },
      {
        "package": "GTMSessionFetcher",
        "repositoryURL": "https://github.com/google/gtm-session-fetcher.git",
        "state": {
          "branch": null,
          "revision": "d4289da23e978f37c344ea6a386e5546e2466294",
          "version": "2.1.0"
        }
      },
      {
        "package": "GTMAppAuth",
        "repositoryURL": "https://github.com/google/GTMAppAuth.git",
        "state": {
          "branch": null,
          "revision": "6dee0cde8a1b223737a5159e55e6b4ec16bbbdd9",
          "version": "1.3.1"
        }
      },
      {
        "package": "JWTDecode",
        "repositoryURL": "https://github.com/auth0/JWTDecode.swift",
        "state": {
          "branch": null,
          "revision": "3cd207fb9e943b6168a117baa3936c823204c2dc",
          "version": "2.6.3"
        }
      },
      {
        "package": "Lottie",
        "repositoryURL": "https://github.com/airbnb/lottie-ios",
        "state": {
          "branch": null,
          "revision": "0cb03fd7564d27345bcd96144b811e56212949c6",
          "version": "4.6.0"
        }
      },
      {
        "package": "Mocker",
        "repositoryURL": "https://github.com/WeTransfer/Mocker",
        "state": {
          "branch": null,
          "revision": "4384e015cae4916a6828252467a4437173c7ae17",
          "version": "3.0.1"
        }
      },
      {
        "package": "Mockingbird",
        "repositoryURL": "https://github.com/birdrides/mockingbird.git",
        "state": {
          "branch": null,
          "revision": "6e0d473df6b975719e145f6aebf90990c634700e",
          "version": "0.20.0"
        }
      },
      {
        "package": "ReSwift",
        "repositoryURL": "https://github.com/ReSwift/ReSwift",
        "state": {
          "branch": null,
          "revision": "96146a29f394ae4c79be025fcec194e5b0d9c3b6",
          "version": "6.1.0"
        }
      },
      {
        "package": "ReSwiftThunk",
        "repositoryURL": "https://github.com/ReSwift/ReSwift-Thunk",
        "state": {
          "branch": null,
          "revision": "5ee9816158a2115863b1458c66cf1be9e9143b39",
          "version": "2.0.1"
        }
      },
      {
        "package": "SuperTokensIOS",
        "repositoryURL": "https://github.com/supertokens/supertokens-ios",
        "state": {
          "branch": null,
          "revision": "ac29a2399ad5902d0573087265b2d9f096af30ce",
          "version": "0.5.0"
        }
      },
      {
        "package": "SwiftKeychainWrapper",
        "repositoryURL": "https://github.com/jrendel/SwiftKeychainWrapper",
        "state": {
          "branch": null,
          "revision": "185a3165346a03767101c4f62e9a545a0fe0530f",
          "version": "4.0.1"
        }
      }
    ]
  },
  "version": 1
}
