{
  "object": {
    "pins": [
      {
        "package": "AppAuth",
        "repositoryURL": "https://github.com/openid/AppAuth-iOS.git",
        "state": {
          "branch": null,
          "revision": "2781038865a80e2c425a1da12cc1327bcd56501f",
          "version": "1.7.6"
        }
      },
      {
        "package": "Factory",
        "repositoryURL": "https://github.com/hmlongco/Factory",
        "state": {
          "branch": null,
          "revision": "39ff6a675cd0272d833d184d35add0f8fddd63de",
          "version": "1.3.7"
        }
      },
      {
        "package": "Get",
        "repositoryURL": "https://github.com/rownd/Get",
        "state": {
          "branch": null,
          "revision": "74dba201ebe42e9c15c1db6ee1cc893025bbef94",
          "version": "2.2.0"
        }
      },
      {
        "package": "GoogleSignIn",
        "repositoryURL": "https://github.com/google/GoogleSignIn-iOS.git",
        "state": {
          "branch": null,
          "revision": "a7965d134c5d3567026c523e0a8a583f73b62b0d",
          "version": "7.1.0"
        }
      },
      {
        "package": "GTMSessionFetcher",
        "repositoryURL": "https://github.com/google/gtm-session-fetcher.git",
        "state": {
          "branch": null,
          "revision": "a2ab612cb980066ee56d90d60d8462992c07f24b",
          "version": "3.5.0"
        }
      },
      {
        "package": "GTMAppAuth",
        "repositoryURL": "https://github.com/google/GTMAppAuth.git",
        "state": {
          "branch": null,
          "revision": "5d7d66f647400952b1758b230e019b07c0b4b22a",
          "version": "4.1.1"
        }
      },
      {
        "package": "JWTDecode",
        "repositoryURL": "https://github.com/auth0/JWTDecode.swift",
        "state": {
          "branch": null,
          "revision": "3cd207fb9e943b6168a117baa3936c823204c2dc",
          "version": "2.6.3"
        }
      },
      {
        "package": "Lottie",
        "repositoryURL": "https://github.com/airbnb/lottie-ios",
        "state": {
          "branch": null,
          "revision": "047aa81b77adcbf583a966dfef620d17650cc656",
          "version": "4.5.1"
        }
      },
      {
        "package": "Mocker",
        "repositoryURL": "https://github.com/WeTransfer/Mocker",
        "state": {
          "branch": null,
          "revision": "95fa785c751f6bc40c49e112d433c3acf8417a97",
          "version": "3.0.2"
        }
      },
      {
        "package": "Mockingbird",
        "repositoryURL": "https://github.com/birdrides/mockingbird.git",
        "state": {
          "branch": null,
          "revision": "6e0d473df6b975719e145f6aebf90990c634700e",
          "version": "0.20.0"
        }
      },
      {
        "package": "ReSwift",
        "repositoryURL": "https://github.com/ReSwift/ReSwift",
        "state": {
          "branch": null,
          "revision": "cb5c3c02f652420ef413dea41e13ac5a76b6c0fd",
          "version": "6.1.1"
        }
      },
      {
        "package": "ReSwiftThunk",
        "repositoryURL": "https://github.com/ReSwift/ReSwift-Thunk",
        "state": {
          "branch": null,
          "revision": "5ee9816158a2115863b1458c66cf1be9e9143b39",
          "version": "2.0.1"
        }
      },
      {
        "package": "SuperTokensIOS",
        "repositoryURL": "https://github.com/supertokens/supertokens-ios",
        "state": {
          "branch": null,
          "revision": "ac29a2399ad5902d0573087265b2d9f096af30ce",
          "version": "0.5.0"
        }
      },
      {
        "package": "SwiftKeychainWrapper",
        "repositoryURL": "https://github.com/jrendel/SwiftKeychainWrapper",
        "state": {
          "branch": null,
          "revision": "185a3165346a03767101c4f62e9a545a0fe0530f",
          "version": "4.0.1"
        }
      }
    ]
  },
  "version": 1
}
